
Microsoft Visual Studio Solution File, Format Version 12.00
# Visual Studio Version 17
VisualStudioVersion = 17.10.34607.79
MinimumVisualStudioVersion = 10.0.40219.1
Project("{FAE04EC0-301F-11D3-BF4B-00C04F79EFBC}") = "API TF", "API TF\API TF.csproj", "{FBFDB1D8-0846-4BD0-9A52-75A88E08973F}"
EndProject
Global
	GlobalSection(SolutionConfigurationPlatforms) = preSolution
		Debug|Any CPU = Debug|Any CPU
		Release|Any CPU = Release|Any CPU
	EndGlobalSection
	GlobalSection(ProjectConfigurationPlatforms) = postSolution
		{FBFDB1D8-0846-4BD0-9A52-75A88E08973F}.Debug|Any CPU.ActiveCfg = Debug|Any CPU
		{FBFDB1D8-0846-4BD0-9A52-75A88E08973F}.Debug|Any CPU.Build.0 = Debug|Any CPU
		{FBFDB1D8-0846-4BD0-9A52-75A88E08973F}.Release|Any CPU.ActiveCfg = Release|Any CPU
		{FBFDB1D8-0846-4BD0-9A52-75A88E08973F}.Release|Any CPU.Build.0 = Release|Any CPU
	EndGlobalSection
	GlobalSection(SolutionProperties) = preSolution
		HideSolutionNode = FALSE
	EndGlobalSection
	GlobalSection(ExtensibilityGlobals) = postSolution
		SolutionGuid = {4357CD35-0BF9-4814-9DD3-17633B3CB19B}
	EndGlobalSection
EndGlobal
